// !$*UTF8*$!
{
	archiveVersion = 1;
	classes = {
	};
	objectVersion = 56;
	objects = {

/* Begin PBXBuildFile section */
		CA1D280628C1334D0015B019 /* 0-App.swift in Sources */ = {isa = PBXBuildFile; fileRef = CA1D280528C1334D0015B019 /* 0-App.swift */; };
		CA1D280A28C1334E0015B019 /* Assets.xcassets in Resources */ = {isa = PBXBuildFile; fileRef = CA1D280928C1334E0015B019 /* Assets.xcassets */; };
		CA1D280D28C1334E0015B019 /* Preview Assets.xcassets in Resources */ = {isa = PBXBuildFile; fileRef = CA1D280C28C1334E0015B019 /* Preview Assets.xcassets */; };
		CA1D281728C1334F0015B019 /* NavigationDemoTests.swift in Sources */ = {isa = PBXBuildFile; fileRef = CA1D281628C1334F0015B019 /* NavigationDemoTests.swift */; };
		CA1D282128C1334F0015B019 /* NavigationDemoUITests.swift in Sources */ = {isa = PBXBuildFile; fileRef = CA1D282028C1334F0015B019 /* NavigationDemoUITests.swift */; };
		CA1D282328C1334F0015B019 /* NavigationDemoUITestsLaunchTests.swift in Sources */ = {isa = PBXBuildFile; fileRef = CA1D282228C1334F0015B019 /* NavigationDemoUITestsLaunchTests.swift */; };
		CA1D283028C6BFE30015B019 /* 1-SheetThenPopover.swift in Sources */ = {isa = PBXBuildFile; fileRef = CA1D282F28C6BFE30015B019 /* 1-SheetThenPopover.swift */; };
		CA50118028D1F05000EB7F80 /* 4-NavigationStack.swift in Sources */ = {isa = PBXBuildFile; fileRef = CA50117F28D1F05000EB7F80 /* 4-NavigationStack.swift */; };
		CAD74E0628D212280048C98B /* URLRouting in Frameworks */ = {isa = PBXBuildFile; productRef = CAD74E0528D212280048C98B /* URLRouting */; };
		CAE104A428CF8E780036FBB7 /* 2-DrillDownThenSheetThenPopover.swift in Sources */ = {isa = PBXBuildFile; fileRef = CAE104A328CF8E780036FBB7 /* 2-DrillDownThenSheetThenPopover.swift */; };
		CAE104A628CF8E930036FBB7 /* Internal.swift in Sources */ = {isa = PBXBuildFile; fileRef = CAE104A528CF8E930036FBB7 /* Internal.swift */; };
		CAE104A928CF9D2B0036FBB7 /* 3-NestedDrillDown.swift in Sources */ = {isa = PBXBuildFile; fileRef = CAE104A828CF9D2B0036FBB7 /* 3-NestedDrillDown.swift */; };
/* End PBXBuildFile section */

/* Begin PBXContainerItemProxy section */
		CA1D281328C1334F0015B019 /* PBXContainerItemProxy */ = {
			isa = PBXContainerItemProxy;
			containerPortal = CA1D27FA28C1334D0015B019 /* Project object */;
			proxyType = 1;
			remoteGlobalIDString = CA1D280128C1334D0015B019;
			remoteInfo = NavigationDemo;
		};
		CA1D281D28C1334F0015B019 /* PBXContainerItemProxy */ = {
			isa = PBXContainerItemProxy;
			containerPortal = CA1D27FA28C1334D0015B019 /* Project object */;
			proxyType = 1;
			remoteGlobalIDString = CA1D280128C1334D0015B019;
			remoteInfo = NavigationDemo;
		};
/* End PBXContainerItemProxy section */

/* Begin PBXFileReference section */
		CA1D280228C1334D0015B019 /* NavigationDemo.app */ = {isa = PBXFileReference; explicitFileType = wrapper.application; includeInIndex = 0; path = NavigationDemo.app; sourceTree = BUILT_PRODUCTS_DIR; };
		CA1D280528C1334D0015B019 /* 0-App.swift */ = {isa = PBXFileReference; lastKnownFileType = sourcecode.swift; path = "0-App.swift"; sourceTree = "<group>"; };
		CA1D280928C1334E0015B019 /* Assets.xcassets */ = {isa = PBXFileReference; lastKnownFileType = folder.assetcatalog; path = Assets.xcassets; sourceTree = "<group>"; };
		CA1D280C28C1334E0015B019 /* Preview Assets.xcassets */ = {isa = PBXFileReference; lastKnownFileType = folder.assetcatalog; path = "Preview Assets.xcassets"; sourceTree = "<group>"; };
		CA1D281228C1334F0015B019 /* NavigationDemoTests.xctest */ = {isa = PBXFileReference; explicitFileType = wrapper.cfbundle; includeInIndex = 0; path = NavigationDemoTests.xctest; sourceTree = BUILT_PRODUCTS_DIR; };
		CA1D281628C1334F0015B019 /* NavigationDemoTests.swift */ = {isa = PBXFileReference; lastKnownFileType = sourcecode.swift; path = NavigationDemoTests.swift; sourceTree = "<group>"; };
		CA1D281C28C1334F0015B019 /* NavigationDemoUITests.xctest */ = {isa = PBXFileReference; explicitFileType = wrapper.cfbundle; includeInIndex = 0; path = NavigationDemoUITests.xctest; sourceTree = BUILT_PRODUCTS_DIR; };
		CA1D282028C1334F0015B019 /* NavigationDemoUITests.swift */ = {isa = PBXFileReference; lastKnownFileType = sourcecode.swift; path = NavigationDemoUITests.swift; sourceTree = "<group>"; };
		CA1D282228C1334F0015B019 /* NavigationDemoUITestsLaunchTests.swift */ = {isa = PBXFileReference; lastKnownFileType = sourcecode.swift; path = NavigationDemoUITestsLaunchTests.swift; sourceTree = "<group>"; };
		CA1D282F28C6BFE30015B019 /* 1-SheetThenPopover.swift */ = {isa = PBXFileReference; lastKnownFileType = sourcecode.swift; path = "1-SheetThenPopover.swift"; sourceTree = "<group>"; };
		CA50117F28D1F05000EB7F80 /* 4-NavigationStack.swift */ = {isa = PBXFileReference; lastKnownFileType = sourcecode.swift; path = "4-NavigationStack.swift"; sourceTree = "<group>"; };
		CA50118428D200B000EB7F80 /* Info.plist */ = {isa = PBXFileReference; lastKnownFileType = text.plist; path = Info.plist; sourceTree = "<group>"; };
		CAE104A328CF8E780036FBB7 /* 2-DrillDownThenSheetThenPopover.swift */ = {isa = PBXFileReference; lastKnownFileType = sourcecode.swift; path = "2-DrillDownThenSheetThenPopover.swift"; sourceTree = "<group>"; };
		CAE104A528CF8E930036FBB7 /* Internal.swift */ = {isa = PBXFileReference; lastKnownFileType = sourcecode.swift; path = Internal.swift; sourceTree = "<group>"; };
		CAE104A828CF9D2B0036FBB7 /* 3-NestedDrillDown.swift */ = {isa = PBXFileReference; lastKnownFileType = sourcecode.swift; path = "3-NestedDrillDown.swift"; sourceTree = "<group>"; };
/* End PBXFileReference section */

/* Begin PBXFrameworksBuildPhase section */
		CA1D27FF28C1334D0015B019 /* Frameworks */ = {
			isa = PBXFrameworksBuildPhase;
			buildActionMask = 2147483647;
			files = (
				CAD74E0628D212280048C98B /* URLRouting in Frameworks */,
			);
			runOnlyForDeploymentPostprocessing = 0;
		};
		CA1D280F28C1334F0015B019 /* Frameworks */ = {
			isa = PBXFrameworksBuildPhase;
			buildActionMask = 2147483647;
			files = (
			);
			runOnlyForDeploymentPostprocessing = 0;
		};
		CA1D281928C1334F0015B019 /* Frameworks */ = {
			isa = PBXFrameworksBuildPhase;
			buildActionMask = 2147483647;
			files = (
			);
			runOnlyForDeploymentPostprocessing = 0;
		};
/* End PBXFrameworksBuildPhase section */

/* Begin PBXGroup section */
		CA1D27F928C1334D0015B019 = {
			isa = PBXGroup;
			children = (
				CA1D280428C1334D0015B019 /* NavigationDemo */,
				CA1D281528C1334F0015B019 /* NavigationDemoTests */,
				CA1D281F28C1334F0015B019 /* NavigationDemoUITests */,
				CA1D280328C1334D0015B019 /* Products */,
			);
			sourceTree = "<group>";
		};
		CA1D280328C1334D0015B019 /* Products */ = {
			isa = PBXGroup;
			children = (
				CA1D280228C1334D0015B019 /* NavigationDemo.app */,
				CA1D281228C1334F0015B019 /* NavigationDemoTests.xctest */,
				CA1D281C28C1334F0015B019 /* NavigationDemoUITests.xctest */,
			);
			name = Products;
			sourceTree = "<group>";
		};
		CA1D280428C1334D0015B019 /* NavigationDemo */ = {
			isa = PBXGroup;
			children = (
				CA50118428D200B000EB7F80 /* Info.plist */,
				CA1D280528C1334D0015B019 /* 0-App.swift */,
				CA1D282F28C6BFE30015B019 /* 1-SheetThenPopover.swift */,
				CAE104A328CF8E780036FBB7 /* 2-DrillDownThenSheetThenPopover.swift */,
				CAE104A828CF9D2B0036FBB7 /* 3-NestedDrillDown.swift */,
				CA50117F28D1F05000EB7F80 /* 4-NavigationStack.swift */,
				CA1D280928C1334E0015B019 /* Assets.xcassets */,
				CAE104A728CF9B7E0036FBB7 /* Internal */,
				CA1D280B28C1334E0015B019 /* Preview Content */,
			);
			path = NavigationDemo;
			sourceTree = "<group>";
		};
		CA1D280B28C1334E0015B019 /* Preview Content */ = {
			isa = PBXGroup;
			children = (
				CA1D280C28C1334E0015B019 /* Preview Assets.xcassets */,
			);
			path = "Preview Content";
			sourceTree = "<group>";
		};
		CA1D281528C1334F0015B019 /* NavigationDemoTests */ = {
			isa = PBXGroup;
			children = (
				CA1D281628C1334F0015B019 /* NavigationDemoTests.swift */,
			);
			path = NavigationDemoTests;
			sourceTree = "<group>";
		};
		CA1D281F28C1334F0015B019 /* NavigationDemoUITests */ = {
			isa = PBXGroup;
			children = (
				CA1D282028C1334F0015B019 /* NavigationDemoUITests.swift */,
				CA1D282228C1334F0015B019 /* NavigationDemoUITestsLaunchTests.swift */,
			);
			path = NavigationDemoUITests;
			sourceTree = "<group>";
		};
		CAE104A728CF9B7E0036FBB7 /* Internal */ = {
			isa = PBXGroup;
			children = (
				CAE104A528CF8E930036FBB7 /* Internal.swift */,
			);
			path = Internal;
			sourceTree = "<group>";
		};
/* End PBXGroup section */

/* Begin PBXNativeTarget section */
		CA1D280128C1334D0015B019 /* NavigationDemo */ = {
			isa = PBXNativeTarget;
			buildConfigurationList = CA1D282628C1334F0015B019 /* Build configuration list for PBXNativeTarget "NavigationDemo" */;
			buildPhases = (
				CA1D27FE28C1334D0015B019 /* Sources */,
				CA1D27FF28C1334D0015B019 /* Frameworks */,
				CA1D280028C1334D0015B019 /* Resources */,
			);
			buildRules = (
			);
			dependencies = (
			);
			name = NavigationDemo;
			packageProductDependencies = (
				CAD74E0528D212280048C98B /* URLRouting */,
			);
			productName = NavigationDemo;
			productReference = CA1D280228C1334D0015B019 /* NavigationDemo.app */;
			productType = "com.apple.product-type.application";
		};
		CA1D281128C1334F0015B019 /* NavigationDemoTests */ = {
			isa = PBXNativeTarget;
			buildConfigurationList = CA1D282928C1334F0015B019 /* Build configuration list for PBXNativeTarget "NavigationDemoTests" */;
			buildPhases = (
				CA1D280E28C1334F0015B019 /* Sources */,
				CA1D280F28C1334F0015B019 /* Frameworks */,
				CA1D281028C1334F0015B019 /* Resources */,
			);
			buildRules = (
			);
			dependencies = (
				CA1D281428C1334F0015B019 /* PBXTargetDependency */,
			);
			name = NavigationDemoTests;
			productName = NavigationDemoTests;
			productReference = CA1D281228C1334F0015B019 /* NavigationDemoTests.xctest */;
			productType = "com.apple.product-type.bundle.unit-test";
		};
		CA1D281B28C1334F0015B019 /* NavigationDemoUITests */ = {
			isa = PBXNativeTarget;
			buildConfigurationList = CA1D282C28C1334F0015B019 /* Build configuration list for PBXNativeTarget "NavigationDemoUITests" */;
			buildPhases = (
				CA1D281828C1334F0015B019 /* Sources */,
				CA1D281928C1334F0015B019 /* Frameworks */,
				CA1D281A28C1334F0015B019 /* Resources */,
			);
			buildRules = (
			);
			dependencies = (
				CA1D281E28C1334F0015B019 /* PBXTargetDependency */,
			);
			name = NavigationDemoUITests;
			productName = NavigationDemoUITests;
			productReference = CA1D281C28C1334F0015B019 /* NavigationDemoUITests.xctest */;
			productType = "com.apple.product-type.bundle.ui-testing";
		};
/* End PBXNativeTarget section */

/* Begin PBXProject section */
		CA1D27FA28C1334D0015B019 /* Project object */ = {
			isa = PBXProject;
			attributes = {
				BuildIndependentTargetsInParallel = 1;
				LastSwiftUpdateCheck = 1400;
				LastUpgradeCheck = 1400;
				TargetAttributes = {
					CA1D280128C1334D0015B019 = {
						CreatedOnToolsVersion = 14.0;
					};
					CA1D281128C1334F0015B019 = {
						CreatedOnToolsVersion = 14.0;
						TestTargetID = CA1D280128C1334D0015B019;
					};
					CA1D281B28C1334F0015B019 = {
						CreatedOnToolsVersion = 14.0;
						TestTargetID = CA1D280128C1334D0015B019;
					};
				};
			};
			buildConfigurationList = CA1D27FD28C1334D0015B019 /* Build configuration list for PBXProject "NavigationDemo" */;
			compatibilityVersion = "Xcode 14.0";
			developmentRegion = en;
			hasScannedForEncodings = 0;
			knownRegions = (
				en,
				Base,
			);
			mainGroup = CA1D27F928C1334D0015B019;
			packageReferences = (
				CAD74E0428D212280048C98B /* XCRemoteSwiftPackageReference "swift-url-routing" */,
			);
			productRefGroup = CA1D280328C1334D0015B019 /* Products */;
			projectDirPath = "";
			projectRoot = "";
			targets = (
				CA1D280128C1334D0015B019 /* NavigationDemo */,
				CA1D281128C1334F0015B019 /* NavigationDemoTests */,
				CA1D281B28C1334F0015B019 /* NavigationDemoUITests */,
			);
		};
/* End PBXProject section */

/* Begin PBXResourcesBuildPhase section */
		CA1D280028C1334D0015B019 /* Resources */ = {
			isa = PBXResourcesBuildPhase;
			buildActionMask = 2147483647;
			files = (
				CA1D280D28C1334E0015B019 /* Preview Assets.xcassets in Resources */,
				CA1D280A28C1334E0015B019 /* Assets.xcassets in Resources */,
			);
			runOnlyForDeploymentPostprocessing = 0;
		};
		CA1D281028C1334F0015B019 /* Resources */ = {
			isa = PBXResourcesBuildPhase;
			buildActionMask = 2147483647;
			files = (
			);
			runOnlyForDeploymentPostprocessing = 0;
		};
		CA1D281A28C1334F0015B019 /* Resources */ = {
			isa = PBXResourcesBuildPhase;
			buildActionMask = 2147483647;
			files = (
			);
			runOnlyForDeploymentPostprocessing = 0;
		};
/* End PBXResourcesBuildPhase section */

/* Begin PBXSourcesBuildPhase section */
		CA1D27FE28C1334D0015B019 /* Sources */ = {
			isa = PBXSourcesBuildPhase;
			buildActionMask = 2147483647;
			files = (
				CAE104A628CF8E930036FBB7 /* Internal.swift in Sources */,
				CA50118028D1F05000EB7F80 /* 4-NavigationStack.swift in Sources */,
				CAE104A928CF9D2B0036FBB7 /* 3-NestedDrillDown.swift in Sources */,
				CA1D280628C1334D0015B019 /* 0-App.swift in Sources */,
				CA1D283028C6BFE30015B019 /* 1-SheetThenPopover.swift in Sources */,
				CAE104A428CF8E780036FBB7 /* 2-DrillDownThenSheetThenPopover.swift in Sources */,
			);
			runOnlyForDeploymentPostprocessing = 0;
		};
		CA1D280E28C1334F0015B019 /* Sources */ = {
			isa = PBXSourcesBuildPhase;
			buildActionMask = 2147483647;
			files = (
				CA1D281728C1334F0015B019 /* NavigationDemoTests.swift in Sources */,
			);
			runOnlyForDeploymentPostprocessing = 0;
		};
		CA1D281828C1334F0015B019 /* Sources */ = {
			isa = PBXSourcesBuildPhase;
			buildActionMask = 2147483647;
			files = (
				CA1D282128C1334F0015B019 /* NavigationDemoUITests.swift in Sources */,
				CA1D282328C1334F0015B019 /* NavigationDemoUITestsLaunchTests.swift in Sources */,
			);
			runOnlyForDeploymentPostprocessing = 0;
		};
/* End PBXSourcesBuildPhase section */

/* Begin PBXTargetDependency section */
		CA1D281428C1334F0015B019 /* PBXTargetDependency */ = {
			isa = PBXTargetDependency;
			target = CA1D280128C1334D0015B019 /* NavigationDemo */;
			targetProxy = CA1D281328C1334F0015B019 /* PBXContainerItemProxy */;
		};
		CA1D281E28C1334F0015B019 /* PBXTargetDependency */ = {
			isa = PBXTargetDependency;
			target = CA1D280128C1334D0015B019 /* NavigationDemo */;
			targetProxy = CA1D281D28C1334F0015B019 /* PBXContainerItemProxy */;
		};
/* End PBXTargetDependency section */

/* Begin XCBuildConfiguration section */
		CA1D282428C1334F0015B019 /* Debug */ = {
			isa = XCBuildConfiguration;
			buildSettings = {
				ALWAYS_SEARCH_USER_PATHS = NO;
				CLANG_ANALYZER_NONNULL = YES;
				CLANG_ANALYZER_NUMBER_OBJECT_CONVERSION = YES_AGGRESSIVE;
				CLANG_CXX_LANGUAGE_STANDARD = "gnu++20";
				CLANG_ENABLE_MODULES = YES;
				CLANG_ENABLE_OBJC_ARC = YES;
				CLANG_ENABLE_OBJC_WEAK = YES;
				CLANG_WARN_BLOCK_CAPTURE_AUTORELEASING = YES;
				CLANG_WARN_BOOL_CONVERSION = YES;
				CLANG_WARN_COMMA = YES;
				CLANG_WARN_CONSTANT_CONVERSION = YES;
				CLANG_WARN_DEPRECATED_OBJC_IMPLEMENTATIONS = YES;
				CLANG_WARN_DIRECT_OBJC_ISA_USAGE = YES_ERROR;
				CLANG_WARN_DOCUMENTATION_COMMENTS = YES;
				CLANG_WARN_EMPTY_BODY = YES;
				CLANG_WARN_ENUM_CONVERSION = YES;
				CLANG_WARN_INFINITE_RECURSION = YES;
				CLANG_WARN_INT_CONVERSION = YES;
				CLANG_WARN_NON_LITERAL_NULL_CONVERSION = YES;
				CLANG_WARN_OBJC_IMPLICIT_RETAIN_SELF = YES;
				CLANG_WARN_OBJC_LITERAL_CONVERSION = YES;
				CLANG_WARN_OBJC_ROOT_CLASS = YES_ERROR;
				CLANG_WARN_QUOTED_INCLUDE_IN_FRAMEWORK_HEADER = YES;
				CLANG_WARN_RANGE_LOOP_ANALYSIS = YES;
				CLANG_WARN_STRICT_PROTOTYPES = YES;
				CLANG_WARN_SUSPICIOUS_MOVE = YES;
				CLANG_WARN_UNGUARDED_AVAILABILITY = YES_AGGRESSIVE;
				CLANG_WARN_UNREACHABLE_CODE = YES;
				CLANG_WARN__DUPLICATE_METHOD_MATCH = YES;
				COPY_PHASE_STRIP = NO;
				DEBUG_INFORMATION_FORMAT = dwarf;
				ENABLE_STRICT_OBJC_MSGSEND = YES;
				ENABLE_TESTABILITY = YES;
				GCC_C_LANGUAGE_STANDARD = gnu11;
				GCC_DYNAMIC_NO_PIC = NO;
				GCC_NO_COMMON_BLOCKS = YES;
				GCC_OPTIMIZATION_LEVEL = 0;
				GCC_PREPROCESSOR_DEFINITIONS = (
					"DEBUG=1",
					"$(inherited)",
				);
				GCC_WARN_64_TO_32_BIT_CONVERSION = YES;
				GCC_WARN_ABOUT_RETURN_TYPE = YES_ERROR;
				GCC_WARN_UNDECLARED_SELECTOR = YES;
				GCC_WARN_UNINITIALIZED_AUTOS = YES_AGGRESSIVE;
				GCC_WARN_UNUSED_FUNCTION = YES;
				GCC_WARN_UNUSED_VARIABLE = YES;
				IPHONEOS_DEPLOYMENT_TARGET = 16.0;
				MTL_ENABLE_DEBUG_INFO = INCLUDE_SOURCE;
				MTL_FAST_MATH = YES;
				ONLY_ACTIVE_ARCH = YES;
				SDKROOT = iphoneos;
				SWIFT_ACTIVE_COMPILATION_CONDITIONS = DEBUG;
				SWIFT_OPTIMIZATION_LEVEL = "-Onone";
			};
			name = Debug;
		};
		CA1D282528C1334F0015B019 /* Release */ = {
			isa = XCBuildConfiguration;
			buildSettings = {
				ALWAYS_SEARCH_USER_PATHS = NO;
				CLANG_ANALYZER_NONNULL = YES;
				CLANG_ANALYZER_NUMBER_OBJECT_CONVERSION = YES_AGGRESSIVE;
				CLANG_CXX_LANGUAGE_STANDARD = "gnu++20";
				CLANG_ENABLE_MODULES = YES;
				CLANG_ENABLE_OBJC_ARC = YES;
				CLANG_ENABLE_OBJC_WEAK = YES;
				CLANG_WARN_BLOCK_CAPTURE_AUTORELEASING = YES;
				CLANG_WARN_BOOL_CONVERSION = YES;
				CLANG_WARN_COMMA = YES;
				CLANG_WARN_CONSTANT_CONVERSION = YES;
				CLANG_WARN_DEPRECATED_OBJC_IMPLEMENTATIONS = YES;
				CLANG_WARN_DIRECT_OBJC_ISA_USAGE = YES_ERROR;
				CLANG_WARN_DOCUMENTATION_COMMENTS = YES;
				CLANG_WARN_EMPTY_BODY = YES;
				CLANG_WARN_ENUM_CONVERSION = YES;
				CLANG_WARN_INFINITE_RECURSION = YES;
				CLANG_WARN_INT_CONVERSION = YES;
				CLANG_WARN_NON_LITERAL_NULL_CONVERSION = YES;
				CLANG_WARN_OBJC_IMPLICIT_RETAIN_SELF = YES;
				CLANG_WARN_OBJC_LITERAL_CONVERSION = YES;
				CLANG_WARN_OBJC_ROOT_CLASS = YES_ERROR;
				CLANG_WARN_QUOTED_INCLUDE_IN_FRAMEWORK_HEADER = YES;
				CLANG_WARN_RANGE_LOOP_ANALYSIS = YES;
				CLANG_WARN_STRICT_PROTOTYPES = YES;
				CLANG_WARN_SUSPICIOUS_MOVE = YES;
				CLANG_WARN_UNGUARDED_AVAILABILITY = YES_AGGRESSIVE;
				CLANG_WARN_UNREACHABLE_CODE = YES;
				CLANG_WARN__DUPLICATE_METHOD_MATCH = YES;
				COPY_PHASE_STRIP = NO;
				DEBUG_INFORMATION_FORMAT = "dwarf-with-dsym";
				ENABLE_NS_ASSERTIONS = NO;
				ENABLE_STRICT_OBJC_MSGSEND = YES;
				GCC_C_LANGUAGE_STANDARD = gnu11;
				GCC_NO_COMMON_BLOCKS = YES;
				GCC_WARN_64_TO_32_BIT_CONVERSION = YES;
				GCC_WARN_ABOUT_RETURN_TYPE = YES_ERROR;
				GCC_WARN_UNDECLARED_SELECTOR = YES;
				GCC_WARN_UNINITIALIZED_AUTOS = YES_AGGRESSIVE;
				GCC_WARN_UNUSED_FUNCTION = YES;
				GCC_WARN_UNUSED_VARIABLE = YES;
				IPHONEOS_DEPLOYMENT_TARGET = 16.0;
				MTL_ENABLE_DEBUG_INFO = NO;
				MTL_FAST_MATH = YES;
				SDKROOT = iphoneos;
				SWIFT_COMPILATION_MODE = wholemodule;
				SWIFT_OPTIMIZATION_LEVEL = "-O";
				VALIDATE_PRODUCT = YES;
			};
			name = Release;
		};
		CA1D282728C1334F0015B019 /* Debug */ = {
			isa = XCBuildConfiguration;
			buildSettings = {
				ASSETCATALOG_COMPILER_APPICON_NAME = AppIcon;
				ASSETCATALOG_COMPILER_GLOBAL_ACCENT_COLOR_NAME = AccentColor;
				CODE_SIGN_STYLE = Automatic;
				CURRENT_PROJECT_VERSION = 1;
				DEVELOPMENT_ASSET_PATHS = "\"NavigationDemo/Preview Content\"";
				ENABLE_PREVIEWS = YES;
				GENERATE_INFOPLIST_FILE = YES;
				INFOPLIST_FILE = NavigationDemo/Info.plist;
				INFOPLIST_KEY_UIApplicationSceneManifest_Generation = YES;
				INFOPLIST_KEY_UIApplicationSupportsIndirectInputEvents = YES;
				INFOPLIST_KEY_UILaunchScreen_Generation = YES;
				INFOPLIST_KEY_UISupportedInterfaceOrientations_iPad = "UIInterfaceOrientationPortrait UIInterfaceOrientationPortraitUpsideDown UIInterfaceOrientationLandscapeLeft UIInterfaceOrientationLandscapeRight";
				INFOPLIST_KEY_UISupportedInterfaceOrientations_iPhone = "UIInterfaceOrientationPortrait UIInterfaceOrientationLandscapeLeft UIInterfaceOrientationLandscapeRight";
				LD_RUNPATH_SEARCH_PATHS = (
					"$(inherited)",
					"@executable_path/Frameworks",
				);
				MARKETING_VERSION = 1.0;
				PRODUCT_BUNDLE_IDENTIFIER = co.pointfree.NavigationDemo;
				PRODUCT_NAME = "$(TARGET_NAME)";
				SWIFT_EMIT_LOC_STRINGS = YES;
				SWIFT_VERSION = 5.0;
				TARGETED_DEVICE_FAMILY = "1,2";
			};
			name = Debug;
		};
		CA1D282828C1334F0015B019 /* Release */ = {
			isa = XCBuildConfiguration;
			buildSettings = {
				ASSETCATALOG_COMPILER_APPICON_NAME = AppIcon;
				ASSETCATALOG_COMPILER_GLOBAL_ACCENT_COLOR_NAME = AccentColor;
				CODE_SIGN_STYLE = Automatic;
				CURRENT_PROJECT_VERSION = 1;
				DEVELOPMENT_ASSET_PATHS = "\"NavigationDemo/Preview Content\"";
				ENABLE_PREVIEWS = YES;
				GENERATE_INFOPLIST_FILE = YES;
				INFOPLIST_FILE = NavigationDemo/Info.plist;
				INFOPLIST_KEY_UIApplicationSceneManifest_Generation = YES;
				INFOPLIST_KEY_UIApplicationSupportsIndirectInputEvents = YES;
				INFOPLIST_KEY_UILaunchScreen_Generation = YES;
				INFOPLIST_KEY_UISupportedInterfaceOrientations_iPad = "UIInterfaceOrientationPortrait UIInterfaceOrientationPortraitUpsideDown UIInterfaceOrientationLandscapeLeft UIInterfaceOrientationLandscapeRight";
				INFOPLIST_KEY_UISupportedInterfaceOrientations_iPhone = "UIInterfaceOrientationPortrait UIInterfaceOrientationLandscapeLeft UIInterfaceOrientationLandscapeRight";
				LD_RUNPATH_SEARCH_PATHS = (
					"$(inherited)",
					"@executable_path/Frameworks",
				);
				MARKETING_VERSION = 1.0;
				PRODUCT_BUNDLE_IDENTIFIER = co.pointfree.NavigationDemo;
				PRODUCT_NAME = "$(TARGET_NAME)";
				SWIFT_EMIT_LOC_STRINGS = YES;
				SWIFT_VERSION = 5.0;
				TARGETED_DEVICE_FAMILY = "1,2";
			};
			name = Release;
		};
		CA1D282A28C1334F0015B019 /* Debug */ = {
			isa = XCBuildConfiguration;
			buildSettings = {
				ALWAYS_EMBED_SWIFT_STANDARD_LIBRARIES = YES;
				BUNDLE_LOADER = "$(TEST_HOST)";
				CODE_SIGN_STYLE = Automatic;
				CURRENT_PROJECT_VERSION = 1;
				GENERATE_INFOPLIST_FILE = YES;
				IPHONEOS_DEPLOYMENT_TARGET = 16.0;
				MARKETING_VERSION = 1.0;
				PRODUCT_BUNDLE_IDENTIFIER = co.pointfree.NavigationDemoTests;
				PRODUCT_NAME = "$(TARGET_NAME)";
				SWIFT_EMIT_LOC_STRINGS = NO;
				SWIFT_VERSION = 5.0;
				TARGETED_DEVICE_FAMILY = "1,2";
				TEST_HOST = "$(BUILT_PRODUCTS_DIR)/NavigationDemo.app/$(BUNDLE_EXECUTABLE_FOLDER_PATH)/NavigationDemo";
			};
			name = Debug;
		};
		CA1D282B28C1334F0015B019 /* Release */ = {
			isa = XCBuildConfiguration;
			buildSettings = {
				ALWAYS_EMBED_SWIFT_STANDARD_LIBRARIES = YES;
				BUNDLE_LOADER = "$(TEST_HOST)";
				CODE_SIGN_STYLE = Automatic;
				CURRENT_PROJECT_VERSION = 1;
				GENERATE_INFOPLIST_FILE = YES;
				IPHONEOS_DEPLOYMENT_TARGET = 16.0;
				MARKETING_VERSION = 1.0;
				PRODUCT_BUNDLE_IDENTIFIER = co.pointfree.NavigationDemoTests;
				PRODUCT_NAME = "$(TARGET_NAME)";
				SWIFT_EMIT_LOC_STRINGS = NO;
				SWIFT_VERSION = 5.0;
				TARGETED_DEVICE_FAMILY = "1,2";
				TEST_HOST = "$(BUILT_PRODUCTS_DIR)/NavigationDemo.app/$(BUNDLE_EXECUTABLE_FOLDER_PATH)/NavigationDemo";
			};
			name = Release;
		};
		CA1D282D28C1334F0015B019 /* Debug */ = {
			isa = XCBuildConfiguration;
			buildSettings = {
				ALWAYS_EMBED_SWIFT_STANDARD_LIBRARIES = YES;
				CODE_SIGN_STYLE = Automatic;
				CURRENT_PROJECT_VERSION = 1;
				GENERATE_INFOPLIST_FILE = YES;
				MARKETING_VERSION = 1.0;
				PRODUCT_BUNDLE_IDENTIFIER = co.pointfree.NavigationDemoUITests;
				PRODUCT_NAME = "$(TARGET_NAME)";
				SWIFT_EMIT_LOC_STRINGS = NO;
				SWIFT_VERSION = 5.0;
				TARGETED_DEVICE_FAMILY = "1,2";
				TEST_TARGET_NAME = NavigationDemo;
			};
			name = Debug;
		};
		CA1D282E28C1334F0015B019 /* Release */ = {
			isa = XCBuildConfiguration;
			buildSettings = {
				ALWAYS_EMBED_SWIFT_STANDARD_LIBRARIES = YES;
				CODE_SIGN_STYLE = Automatic;
				CURRENT_PROJECT_VERSION = 1;
				GENERATE_INFOPLIST_FILE = YES;
				MARKETING_VERSION = 1.0;
				PRODUCT_BUNDLE_IDENTIFIER = co.pointfree.NavigationDemoUITests;
				PRODUCT_NAME = "$(TARGET_NAME)";
				SWIFT_EMIT_LOC_STRINGS = NO;
				SWIFT_VERSION = 5.0;
				TARGETED_DEVICE_FAMILY = "1,2";
				TEST_TARGET_NAME = NavigationDemo;
			};
			name = Release;
		};
/* End XCBuildConfiguration section */

/* Begin XCConfigurationList section */
		CA1D27FD28C1334D0015B019 /* Build configuration list for PBXProject "NavigationDemo" */ = {
			isa = XCConfigurationList;
			buildConfigurations = (
				CA1D282428C1334F0015B019 /* Debug */,
				CA1D282528C1334F0015B019 /* Release */,
			);
			defaultConfigurationIsVisible = 0;
			defaultConfigurationName = Release;
		};
		CA1D282628C1334F0015B019 /* Build configuration list for PBXNativeTarget "NavigationDemo" */ = {
			isa = XCConfigurationList;
			buildConfigurations = (
				CA1D282728C1334F0015B019 /* Debug */,
				CA1D282828C1334F0015B019 /* Release */,
			);
			defaultConfigurationIsVisible = 0;
			defaultConfigurationName = Release;
		};
		CA1D282928C1334F0015B019 /* Build configuration list for PBXNativeTarget "NavigationDemoTests" */ = {
			isa = XCConfigurationList;
			buildConfigurations = (
				CA1D282A28C1334F0015B019 /* Debug */,
				CA1D282B28C1334F0015B019 /* Release */,
			);
			defaultConfigurationIsVisible = 0;
			defaultConfigurationName = Release;
		};
		CA1D282C28C1334F0015B019 /* Build configuration list for PBXNativeTarget "NavigationDemoUITests" */ = {
			isa = XCConfigurationList;
			buildConfigurations = (
				CA1D282D28C1334F0015B019 /* Debug */,
				CA1D282E28C1334F0015B019 /* Release */,
			);
			defaultConfigurationIsVisible = 0;
			defaultConfigurationName = Release;
		};
/* End XCConfigurationList section */

/* Begin XCRemoteSwiftPackageReference section */
		CAD74E0428D212280048C98B /* XCRemoteSwiftPackageReference "swift-url-routing" */ = {
			isa = XCRemoteSwiftPackageReference;
			repositoryURL = "https://github.com/pointfreeco/swift-url-routing.git";
			requirement = {
				branch = "swift-5-7";
				kind = branch;
			};
		};
/* End XCRemoteSwiftPackageReference section */

/* Begin XCSwiftPackageProductDependency section */
		CAD74E0528D212280048C98B /* URLRouting */ = {
			isa = XCSwiftPackageProductDependency;
			package = CAD74E0428D212280048C98B /* XCRemoteSwiftPackageReference "swift-url-routing" */;
			productName = URLRouting;
		};
/* End XCSwiftPackageProductDependency section */
	};
	rootObject = CA1D27FA28C1334D0015B019 /* Project object */;
}
