// !$*UTF8*$!
{
	archiveVersion = 1;
	classes = {
	};
	objectVersion = 56;
	objects = {

/* Begin PBXBuildFile section */
		CABFCE6029948B3400DA15C2 /* StandupsFirebaseApp.swift in Sources */ = {isa = PBXBuildFile; fileRef = CABFCE5F29948B3400DA15C2 /* StandupsFirebaseApp.swift */; };
		CABFCE6229948B3400DA15C2 /* ContentView.swift in Sources */ = {isa = PBXBuildFile; fileRef = CABFCE6129948B3400DA15C2 /* ContentView.swift */; };
		CABFCE6429948B3500DA15C2 /* Assets.xcassets in Resources */ = {isa = PBXBuildFile; fileRef = CABFCE6329948B3500DA15C2 /* Assets.xcassets */; };
		CABFCE6729948B3500DA15C2 /* Preview Assets.xcassets in Resources */ = {isa = PBXBuildFile; fileRef = CABFCE6629948B3500DA15C2 /* Preview Assets.xcassets */; };
		CABFCE7129948B3500DA15C2 /* StandupsFirebaseTests.swift in Sources */ = {isa = PBXBuildFile; fileRef = CABFCE7029948B3500DA15C2 /* StandupsFirebaseTests.swift */; };
		CABFCE7B29948B3500DA15C2 /* StandupsFirebaseUITests.swift in Sources */ = {isa = PBXBuildFile; fileRef = CABFCE7A29948B3500DA15C2 /* StandupsFirebaseUITests.swift */; };
		CABFCE7D29948B3500DA15C2 /* StandupsFirebaseUITestsLaunchTests.swift in Sources */ = {isa = PBXBuildFile; fileRef = CABFCE7C29948B3500DA15C2 /* StandupsFirebaseUITestsLaunchTests.swift */; };
		CABFCE8B29948B9D00DA15C2 /* FirebaseAnalyticsWithoutAdIdSupport in Frameworks */ = {isa = PBXBuildFile; productRef = CABFCE8A29948B9D00DA15C2 /* FirebaseAnalyticsWithoutAdIdSupport */; };
		CABFCE8E29948BE700DA15C2 /* FirebaseDatabase in Frameworks */ = {isa = PBXBuildFile; productRef = CABFCE8D29948BE700DA15C2 /* FirebaseDatabase */; };
		CABFCE9029948BE700DA15C2 /* FirebaseDatabaseSwift in Frameworks */ = {isa = PBXBuildFile; productRef = CABFCE8F29948BE700DA15C2 /* FirebaseDatabaseSwift */; };
		CABFCE9229948BFC00DA15C2 /* FirebaseAppCheck in Frameworks */ = {isa = PBXBuildFile; productRef = CABFCE9129948BFC00DA15C2 /* FirebaseAppCheck */; };
		CABFCE9429948BFC00DA15C2 /* FirebaseAuth in Frameworks */ = {isa = PBXBuildFile; productRef = CABFCE9329948BFC00DA15C2 /* FirebaseAuth */; };
		CABFCE9629948BFC00DA15C2 /* FirebaseCrashlytics in Frameworks */ = {isa = PBXBuildFile; productRef = CABFCE9529948BFC00DA15C2 /* FirebaseCrashlytics */; };
		CABFCE9829948CA500DA15C2 /* GoogleService-Info.plist in Resources */ = {isa = PBXBuildFile; fileRef = CABFCE9729948CA500DA15C2 /* GoogleService-Info.plist */; };
		CABFCE9A29948E9900DA15C2 /* FirebaseAnalytics in Frameworks */ = {isa = PBXBuildFile; productRef = CABFCE9929948E9900DA15C2 /* FirebaseAnalytics */; };
		CABFCE9C29948E9900DA15C2 /* FirebaseAnalyticsOnDeviceConversion in Frameworks */ = {isa = PBXBuildFile; productRef = CABFCE9B29948E9900DA15C2 /* FirebaseAnalyticsOnDeviceConversion */; };
		CABFCE9E29948E9900DA15C2 /* FirebaseAnalyticsSwift in Frameworks */ = {isa = PBXBuildFile; productRef = CABFCE9D29948E9900DA15C2 /* FirebaseAnalyticsSwift */; };
		CABFCEA029948E9A00DA15C2 /* FirebaseAppDistribution-Beta in Frameworks */ = {isa = PBXBuildFile; productRef = CABFCE9F29948E9A00DA15C2 /* FirebaseAppDistribution-Beta */; };
		CABFCEA229948E9A00DA15C2 /* FirebaseAuthCombine-Community in Frameworks */ = {isa = PBXBuildFile; productRef = CABFCEA129948E9A00DA15C2 /* FirebaseAuthCombine-Community */; };
		CABFCEA429948E9A00DA15C2 /* FirebaseDynamicLinks in Frameworks */ = {isa = PBXBuildFile; productRef = CABFCEA329948E9A00DA15C2 /* FirebaseDynamicLinks */; };
		CABFCEA629948E9A00DA15C2 /* FirebaseFirestore in Frameworks */ = {isa = PBXBuildFile; productRef = CABFCEA529948E9A00DA15C2 /* FirebaseFirestore */; };
		CABFCEA829948E9A00DA15C2 /* FirebaseFirestoreCombine-Community in Frameworks */ = {isa = PBXBuildFile; productRef = CABFCEA729948E9A00DA15C2 /* FirebaseFirestoreCombine-Community */; };
		CABFCEAA29948E9A00DA15C2 /* FirebaseFirestoreSwift in Frameworks */ = {isa = PBXBuildFile; productRef = CABFCEA929948E9A00DA15C2 /* FirebaseFirestoreSwift */; };
		CABFCEAC29948E9A00DA15C2 /* FirebaseFunctions in Frameworks */ = {isa = PBXBuildFile; productRef = CABFCEAB29948E9A00DA15C2 /* FirebaseFunctions */; };
		CABFCEAE29948E9A00DA15C2 /* FirebaseFunctionsCombine-Community in Frameworks */ = {isa = PBXBuildFile; productRef = CABFCEAD29948E9A00DA15C2 /* FirebaseFunctionsCombine-Community */; };
		CABFCEB029948E9A00DA15C2 /* FirebaseInAppMessaging-Beta in Frameworks */ = {isa = PBXBuildFile; productRef = CABFCEAF29948E9A00DA15C2 /* FirebaseInAppMessaging-Beta */; };
		CABFCEB229948E9A00DA15C2 /* FirebaseInAppMessagingSwift-Beta in Frameworks */ = {isa = PBXBuildFile; productRef = CABFCEB129948E9A00DA15C2 /* FirebaseInAppMessagingSwift-Beta */; };
		CABFCEB429948E9A00DA15C2 /* FirebaseInstallations in Frameworks */ = {isa = PBXBuildFile; productRef = CABFCEB329948E9A00DA15C2 /* FirebaseInstallations */; };
		CABFCEB629948E9A00DA15C2 /* FirebaseMessaging in Frameworks */ = {isa = PBXBuildFile; productRef = CABFCEB529948E9A00DA15C2 /* FirebaseMessaging */; };
		CABFCEB829948E9A00DA15C2 /* FirebaseMLModelDownloader in Frameworks */ = {isa = PBXBuildFile; productRef = CABFCEB729948E9A00DA15C2 /* FirebaseMLModelDownloader */; };
		CABFCEBA29948E9A00DA15C2 /* FirebasePerformance in Frameworks */ = {isa = PBXBuildFile; productRef = CABFCEB929948E9A00DA15C2 /* FirebasePerformance */; };
		CABFCEBC29948E9A00DA15C2 /* FirebaseRemoteConfig in Frameworks */ = {isa = PBXBuildFile; productRef = CABFCEBB29948E9A00DA15C2 /* FirebaseRemoteConfig */; };
		CABFCEBE29948E9A00DA15C2 /* FirebaseRemoteConfigSwift in Frameworks */ = {isa = PBXBuildFile; productRef = CABFCEBD29948E9A00DA15C2 /* FirebaseRemoteConfigSwift */; };
		CABFCEC029948E9A00DA15C2 /* FirebaseStorage in Frameworks */ = {isa = PBXBuildFile; productRef = CABFCEBF29948E9A00DA15C2 /* FirebaseStorage */; };
		CABFCEC229948E9A00DA15C2 /* FirebaseStorageCombine-Community in Frameworks */ = {isa = PBXBuildFile; productRef = CABFCEC129948E9A00DA15C2 /* FirebaseStorageCombine-Community */; };
/* End PBXBuildFile section */

/* Begin PBXContainerItemProxy section */
		CABFCE6D29948B3500DA15C2 /* PBXContainerItemProxy */ = {
			isa = PBXContainerItemProxy;
			containerPortal = CABFCE5429948B3400DA15C2 /* Project object */;
			proxyType = 1;
			remoteGlobalIDString = CABFCE5B29948B3400DA15C2;
			remoteInfo = StandupsFirebase;
		};
		CABFCE7729948B3500DA15C2 /* PBXContainerItemProxy */ = {
			isa = PBXContainerItemProxy;
			containerPortal = CABFCE5429948B3400DA15C2 /* Project object */;
			proxyType = 1;
			remoteGlobalIDString = CABFCE5B29948B3400DA15C2;
			remoteInfo = StandupsFirebase;
		};
/* End PBXContainerItemProxy section */

/* Begin PBXFileReference section */
		CABFCE5C29948B3400DA15C2 /* StandupsFirebase.app */ = {isa = PBXFileReference; explicitFileType = wrapper.application; includeInIndex = 0; path = StandupsFirebase.app; sourceTree = BUILT_PRODUCTS_DIR; };
		CABFCE5F29948B3400DA15C2 /* StandupsFirebaseApp.swift */ = {isa = PBXFileReference; lastKnownFileType = sourcecode.swift; path = StandupsFirebaseApp.swift; sourceTree = "<group>"; };
		CABFCE6129948B3400DA15C2 /* ContentView.swift */ = {isa = PBXFileReference; lastKnownFileType = sourcecode.swift; path = ContentView.swift; sourceTree = "<group>"; };
		CABFCE6329948B3500DA15C2 /* Assets.xcassets */ = {isa = PBXFileReference; lastKnownFileType = folder.assetcatalog; path = Assets.xcassets; sourceTree = "<group>"; };
		CABFCE6629948B3500DA15C2 /* Preview Assets.xcassets */ = {isa = PBXFileReference; lastKnownFileType = folder.assetcatalog; path = "Preview Assets.xcassets"; sourceTree = "<group>"; };
		CABFCE6C29948B3500DA15C2 /* StandupsFirebaseTests.xctest */ = {isa = PBXFileReference; explicitFileType = wrapper.cfbundle; includeInIndex = 0; path = StandupsFirebaseTests.xctest; sourceTree = BUILT_PRODUCTS_DIR; };
		CABFCE7029948B3500DA15C2 /* StandupsFirebaseTests.swift */ = {isa = PBXFileReference; lastKnownFileType = sourcecode.swift; path = StandupsFirebaseTests.swift; sourceTree = "<group>"; };
		CABFCE7629948B3500DA15C2 /* StandupsFirebaseUITests.xctest */ = {isa = PBXFileReference; explicitFileType = wrapper.cfbundle; includeInIndex = 0; path = StandupsFirebaseUITests.xctest; sourceTree = BUILT_PRODUCTS_DIR; };
		CABFCE7A29948B3500DA15C2 /* StandupsFirebaseUITests.swift */ = {isa = PBXFileReference; lastKnownFileType = sourcecode.swift; path = StandupsFirebaseUITests.swift; sourceTree = "<group>"; };
		CABFCE7C29948B3500DA15C2 /* StandupsFirebaseUITestsLaunchTests.swift */ = {isa = PBXFileReference; lastKnownFileType = sourcecode.swift; path = StandupsFirebaseUITestsLaunchTests.swift; sourceTree = "<group>"; };
		CABFCE9729948CA500DA15C2 /* GoogleService-Info.plist */ = {isa = PBXFileReference; fileEncoding = 4; lastKnownFileType = text.plist.xml; path = "GoogleService-Info.plist"; sourceTree = "<group>"; };
/* End PBXFileReference section */

/* Begin PBXFrameworksBuildPhase section */
		CABFCE5929948B3400DA15C2 /* Frameworks */ = {
			isa = PBXFrameworksBuildPhase;
			buildActionMask = 2147483647;
			files = (
				CABFCE9E29948E9900DA15C2 /* FirebaseAnalyticsSwift in Frameworks */,
				CABFCEAE29948E9A00DA15C2 /* FirebaseFunctionsCombine-Community in Frameworks */,
				CABFCEA629948E9A00DA15C2 /* FirebaseFirestore in Frameworks */,
				CABFCE9A29948E9900DA15C2 /* FirebaseAnalytics in Frameworks */,
				CABFCE9229948BFC00DA15C2 /* FirebaseAppCheck in Frameworks */,
				CABFCE9429948BFC00DA15C2 /* FirebaseAuth in Frameworks */,
				CABFCEAA29948E9A00DA15C2 /* FirebaseFirestoreSwift in Frameworks */,
				CABFCEB829948E9A00DA15C2 /* FirebaseMLModelDownloader in Frameworks */,
				CABFCE9029948BE700DA15C2 /* FirebaseDatabaseSwift in Frameworks */,
				CABFCE9629948BFC00DA15C2 /* FirebaseCrashlytics in Frameworks */,
				CABFCEB629948E9A00DA15C2 /* FirebaseMessaging in Frameworks */,
				CABFCEA229948E9A00DA15C2 /* FirebaseAuthCombine-Community in Frameworks */,
				CABFCEBE29948E9A00DA15C2 /* FirebaseRemoteConfigSwift in Frameworks */,
				CABFCE8E29948BE700DA15C2 /* FirebaseDatabase in Frameworks */,
				CABFCEB029948E9A00DA15C2 /* FirebaseInAppMessaging-Beta in Frameworks */,
				CABFCEA029948E9A00DA15C2 /* FirebaseAppDistribution-Beta in Frameworks */,
				CABFCEC229948E9A00DA15C2 /* FirebaseStorageCombine-Community in Frameworks */,
				CABFCEBC29948E9A00DA15C2 /* FirebaseRemoteConfig in Frameworks */,
				CABFCEAC29948E9A00DA15C2 /* FirebaseFunctions in Frameworks */,
				CABFCE8B29948B9D00DA15C2 /* FirebaseAnalyticsWithoutAdIdSupport in Frameworks */,
				CABFCEBA29948E9A00DA15C2 /* FirebasePerformance in Frameworks */,
				CABFCE9C29948E9900DA15C2 /* FirebaseAnalyticsOnDeviceConversion in Frameworks */,
				CABFCEC029948E9A00DA15C2 /* FirebaseStorage in Frameworks */,
				CABFCEB229948E9A00DA15C2 /* FirebaseInAppMessagingSwift-Beta in Frameworks */,
				CABFCEA429948E9A00DA15C2 /* FirebaseDynamicLinks in Frameworks */,
				CABFCEA829948E9A00DA15C2 /* FirebaseFirestoreCombine-Community in Frameworks */,
				CABFCEB429948E9A00DA15C2 /* FirebaseInstallations in Frameworks */,
			);
			runOnlyForDeploymentPostprocessing = 0;
		};
		CABFCE6929948B3500DA15C2 /* Frameworks */ = {
			isa = PBXFrameworksBuildPhase;
			buildActionMask = 2147483647;
			files = (
			);
			runOnlyForDeploymentPostprocessing = 0;
		};
		CABFCE7329948B3500DA15C2 /* Frameworks */ = {
			isa = PBXFrameworksBuildPhase;
			buildActionMask = 2147483647;
			files = (
			);
			runOnlyForDeploymentPostprocessing = 0;
		};
/* End PBXFrameworksBuildPhase section */

/* Begin PBXGroup section */
		CABFCE5329948B3400DA15C2 = {
			isa = PBXGroup;
			children = (
				CABFCE5E29948B3400DA15C2 /* StandupsFirebase */,
				CABFCE6F29948B3500DA15C2 /* StandupsFirebaseTests */,
				CABFCE7929948B3500DA15C2 /* StandupsFirebaseUITests */,
				CABFCE5D29948B3400DA15C2 /* Products */,
				CABFCE8C29948BE700DA15C2 /* Frameworks */,
			);
			sourceTree = "<group>";
		};
		CABFCE5D29948B3400DA15C2 /* Products */ = {
			isa = PBXGroup;
			children = (
				CABFCE5C29948B3400DA15C2 /* StandupsFirebase.app */,
				CABFCE6C29948B3500DA15C2 /* StandupsFirebaseTests.xctest */,
				CABFCE7629948B3500DA15C2 /* StandupsFirebaseUITests.xctest */,
			);
			name = Products;
			sourceTree = "<group>";
		};
		CABFCE5E29948B3400DA15C2 /* StandupsFirebase */ = {
			isa = PBXGroup;
			children = (
				CABFCE5F29948B3400DA15C2 /* StandupsFirebaseApp.swift */,
				CABFCE6129948B3400DA15C2 /* ContentView.swift */,
				CABFCE9729948CA500DA15C2 /* GoogleService-Info.plist */,
				CABFCE6329948B3500DA15C2 /* Assets.xcassets */,
				CABFCE6529948B3500DA15C2 /* Preview Content */,
			);
			path = StandupsFirebase;
			sourceTree = "<group>";
		};
		CABFCE6529948B3500DA15C2 /* Preview Content */ = {
			isa = PBXGroup;
			children = (
				CABFCE6629948B3500DA15C2 /* Preview Assets.xcassets */,
			);
			path = "Preview Content";
			sourceTree = "<group>";
		};
		CABFCE6F29948B3500DA15C2 /* StandupsFirebaseTests */ = {
			isa = PBXGroup;
			children = (
				CABFCE7029948B3500DA15C2 /* StandupsFirebaseTests.swift */,
			);
			path = StandupsFirebaseTests;
			sourceTree = "<group>";
		};
		CABFCE7929948B3500DA15C2 /* StandupsFirebaseUITests */ = {
			isa = PBXGroup;
			children = (
				CABFCE7A29948B3500DA15C2 /* StandupsFirebaseUITests.swift */,
				CABFCE7C29948B3500DA15C2 /* StandupsFirebaseUITestsLaunchTests.swift */,
			);
			path = StandupsFirebaseUITests;
			sourceTree = "<group>";
		};
		CABFCE8C29948BE700DA15C2 /* Frameworks */ = {
			isa = PBXGroup;
			children = (
			);
			name = Frameworks;
			sourceTree = "<group>";
		};
/* End PBXGroup section */

/* Begin PBXNativeTarget section */
		CABFCE5B29948B3400DA15C2 /* StandupsFirebase */ = {
			isa = PBXNativeTarget;
			buildConfigurationList = CABFCE8029948B3500DA15C2 /* Build configuration list for PBXNativeTarget "StandupsFirebase" */;
			buildPhases = (
				CABFCE5829948B3400DA15C2 /* Sources */,
				CABFCE5929948B3400DA15C2 /* Frameworks */,
				CABFCE5A29948B3400DA15C2 /* Resources */,
			);
			buildRules = (
			);
			dependencies = (
			);
			name = StandupsFirebase;
			packageProductDependencies = (
				CABFCE8A29948B9D00DA15C2 /* FirebaseAnalyticsWithoutAdIdSupport */,
				CABFCE8D29948BE700DA15C2 /* FirebaseDatabase */,
				CABFCE8F29948BE700DA15C2 /* FirebaseDatabaseSwift */,
				CABFCE9129948BFC00DA15C2 /* FirebaseAppCheck */,
				CABFCE9329948BFC00DA15C2 /* FirebaseAuth */,
				CABFCE9529948BFC00DA15C2 /* FirebaseCrashlytics */,
				CABFCE9929948E9900DA15C2 /* FirebaseAnalytics */,
				CABFCE9B29948E9900DA15C2 /* FirebaseAnalyticsOnDeviceConversion */,
				CABFCE9D29948E9900DA15C2 /* FirebaseAnalyticsSwift */,
				CABFCE9F29948E9A00DA15C2 /* FirebaseAppDistribution-Beta */,
				CABFCEA129948E9A00DA15C2 /* FirebaseAuthCombine-Community */,
				CABFCEA329948E9A00DA15C2 /* FirebaseDynamicLinks */,
				CABFCEA529948E9A00DA15C2 /* FirebaseFirestore */,
				CABFCEA729948E9A00DA15C2 /* FirebaseFirestoreCombine-Community */,
				CABFCEA929948E9A00DA15C2 /* FirebaseFirestoreSwift */,
				CABFCEAB29948E9A00DA15C2 /* FirebaseFunctions */,
				CABFCEAD29948E9A00DA15C2 /* FirebaseFunctionsCombine-Community */,
				CABFCEAF29948E9A00DA15C2 /* FirebaseInAppMessaging-Beta */,
				CABFCEB129948E9A00DA15C2 /* FirebaseInAppMessagingSwift-Beta */,
				CABFCEB329948E9A00DA15C2 /* FirebaseInstallations */,
				CABFCEB529948E9A00DA15C2 /* FirebaseMessaging */,
				CABFCEB729948E9A00DA15C2 /* FirebaseMLModelDownloader */,
				CABFCEB929948E9A00DA15C2 /* FirebasePerformance */,
				CABFCEBB29948E9A00DA15C2 /* FirebaseRemoteConfig */,
				CABFCEBD29948E9A00DA15C2 /* FirebaseRemoteConfigSwift */,
				CABFCEBF29948E9A00DA15C2 /* FirebaseStorage */,
				CABFCEC129948E9A00DA15C2 /* FirebaseStorageCombine-Community */,
			);
			productName = StandupsFirebase;
			productReference = CABFCE5C29948B3400DA15C2 /* StandupsFirebase.app */;
			productType = "com.apple.product-type.application";
		};
		CABFCE6B29948B3500DA15C2 /* StandupsFirebaseTests */ = {
			isa = PBXNativeTarget;
			buildConfigurationList = CABFCE8329948B3500DA15C2 /* Build configuration list for PBXNativeTarget "StandupsFirebaseTests" */;
			buildPhases = (
				CABFCE6829948B3500DA15C2 /* Sources */,
				CABFCE6929948B3500DA15C2 /* Frameworks */,
				CABFCE6A29948B3500DA15C2 /* Resources */,
			);
			buildRules = (
			);
			dependencies = (
				CABFCE6E29948B3500DA15C2 /* PBXTargetDependency */,
			);
			name = StandupsFirebaseTests;
			productName = StandupsFirebaseTests;
			productReference = CABFCE6C29948B3500DA15C2 /* StandupsFirebaseTests.xctest */;
			productType = "com.apple.product-type.bundle.unit-test";
		};
		CABFCE7529948B3500DA15C2 /* StandupsFirebaseUITests */ = {
			isa = PBXNativeTarget;
			buildConfigurationList = CABFCE8629948B3500DA15C2 /* Build configuration list for PBXNativeTarget "StandupsFirebaseUITests" */;
			buildPhases = (
				CABFCE7229948B3500DA15C2 /* Sources */,
				CABFCE7329948B3500DA15C2 /* Frameworks */,
				CABFCE7429948B3500DA15C2 /* Resources */,
			);
			buildRules = (
			);
			dependencies = (
				CABFCE7829948B3500DA15C2 /* PBXTargetDependency */,
			);
			name = StandupsFirebaseUITests;
			productName = StandupsFirebaseUITests;
			productReference = CABFCE7629948B3500DA15C2 /* StandupsFirebaseUITests.xctest */;
			productType = "com.apple.product-type.bundle.ui-testing";
		};
/* End PBXNativeTarget section */

/* Begin PBXProject section */
		CABFCE5429948B3400DA15C2 /* Project object */ = {
			isa = PBXProject;
			attributes = {
				BuildIndependentTargetsInParallel = 1;
				LastSwiftUpdateCheck = 1420;
				LastUpgradeCheck = 1420;
				TargetAttributes = {
					CABFCE5B29948B3400DA15C2 = {
						CreatedOnToolsVersion = 14.2;
					};
					CABFCE6B29948B3500DA15C2 = {
						CreatedOnToolsVersion = 14.2;
						TestTargetID = CABFCE5B29948B3400DA15C2;
					};
					CABFCE7529948B3500DA15C2 = {
						CreatedOnToolsVersion = 14.2;
						TestTargetID = CABFCE5B29948B3400DA15C2;
					};
				};
			};
			buildConfigurationList = CABFCE5729948B3400DA15C2 /* Build configuration list for PBXProject "StandupsFirebase" */;
			compatibilityVersion = "Xcode 14.0";
			developmentRegion = en;
			hasScannedForEncodings = 0;
			knownRegions = (
				en,
				Base,
			);
			mainGroup = CABFCE5329948B3400DA15C2;
			packageReferences = (
				CABFCE8929948B9D00DA15C2 /* XCRemoteSwiftPackageReference "firebase-ios-sdk" */,
			);
			productRefGroup = CABFCE5D29948B3400DA15C2 /* Products */;
			projectDirPath = "";
			projectRoot = "";
			targets = (
				CABFCE5B29948B3400DA15C2 /* StandupsFirebase */,
				CABFCE6B29948B3500DA15C2 /* StandupsFirebaseTests */,
				CABFCE7529948B3500DA15C2 /* StandupsFirebaseUITests */,
			);
		};
/* End PBXProject section */

/* Begin PBXResourcesBuildPhase section */
		CABFCE5A29948B3400DA15C2 /* Resources */ = {
			isa = PBXResourcesBuildPhase;
			buildActionMask = 2147483647;
			files = (
				CABFCE6729948B3500DA15C2 /* Preview Assets.xcassets in Resources */,
				CABFCE6429948B3500DA15C2 /* Assets.xcassets in Resources */,
				CABFCE9829948CA500DA15C2 /* GoogleService-Info.plist in Resources */,
			);
			runOnlyForDeploymentPostprocessing = 0;
		};
		CABFCE6A29948B3500DA15C2 /* Resources */ = {
			isa = PBXResourcesBuildPhase;
			buildActionMask = 2147483647;
			files = (
			);
			runOnlyForDeploymentPostprocessing = 0;
		};
		CABFCE7429948B3500DA15C2 /* Resources */ = {
			isa = PBXResourcesBuildPhase;
			buildActionMask = 2147483647;
			files = (
			);
			runOnlyForDeploymentPostprocessing = 0;
		};
/* End PBXResourcesBuildPhase section */

/* Begin PBXSourcesBuildPhase section */
		CABFCE5829948B3400DA15C2 /* Sources */ = {
			isa = PBXSourcesBuildPhase;
			buildActionMask = 2147483647;
			files = (
				CABFCE6229948B3400DA15C2 /* ContentView.swift in Sources */,
				CABFCE6029948B3400DA15C2 /* StandupsFirebaseApp.swift in Sources */,
			);
			runOnlyForDeploymentPostprocessing = 0;
		};
		CABFCE6829948B3500DA15C2 /* Sources */ = {
			isa = PBXSourcesBuildPhase;
			buildActionMask = 2147483647;
			files = (
				CABFCE7129948B3500DA15C2 /* StandupsFirebaseTests.swift in Sources */,
			);
			runOnlyForDeploymentPostprocessing = 0;
		};
		CABFCE7229948B3500DA15C2 /* Sources */ = {
			isa = PBXSourcesBuildPhase;
			buildActionMask = 2147483647;
			files = (
				CABFCE7B29948B3500DA15C2 /* StandupsFirebaseUITests.swift in Sources */,
				CABFCE7D29948B3500DA15C2 /* StandupsFirebaseUITestsLaunchTests.swift in Sources */,
			);
			runOnlyForDeploymentPostprocessing = 0;
		};
/* End PBXSourcesBuildPhase section */

/* Begin PBXTargetDependency section */
		CABFCE6E29948B3500DA15C2 /* PBXTargetDependency */ = {
			isa = PBXTargetDependency;
			target = CABFCE5B29948B3400DA15C2 /* StandupsFirebase */;
			targetProxy = CABFCE6D29948B3500DA15C2 /* PBXContainerItemProxy */;
		};
		CABFCE7829948B3500DA15C2 /* PBXTargetDependency */ = {
			isa = PBXTargetDependency;
			target = CABFCE5B29948B3400DA15C2 /* StandupsFirebase */;
			targetProxy = CABFCE7729948B3500DA15C2 /* PBXContainerItemProxy */;
		};
/* End PBXTargetDependency section */

/* Begin XCBuildConfiguration section */
		CABFCE7E29948B3500DA15C2 /* Debug */ = {
			isa = XCBuildConfiguration;
			buildSettings = {
				ALWAYS_SEARCH_USER_PATHS = NO;
				CLANG_ANALYZER_NONNULL = YES;
				CLANG_ANALYZER_NUMBER_OBJECT_CONVERSION = YES_AGGRESSIVE;
				CLANG_CXX_LANGUAGE_STANDARD = "gnu++20";
				CLANG_ENABLE_MODULES = YES;
				CLANG_ENABLE_OBJC_ARC = YES;
				CLANG_ENABLE_OBJC_WEAK = YES;
				CLANG_WARN_BLOCK_CAPTURE_AUTORELEASING = YES;
				CLANG_WARN_BOOL_CONVERSION = YES;
				CLANG_WARN_COMMA = YES;
				CLANG_WARN_CONSTANT_CONVERSION = YES;
				CLANG_WARN_DEPRECATED_OBJC_IMPLEMENTATIONS = YES;
				CLANG_WARN_DIRECT_OBJC_ISA_USAGE = YES_ERROR;
				CLANG_WARN_DOCUMENTATION_COMMENTS = YES;
				CLANG_WARN_EMPTY_BODY = YES;
				CLANG_WARN_ENUM_CONVERSION = YES;
				CLANG_WARN_INFINITE_RECURSION = YES;
				CLANG_WARN_INT_CONVERSION = YES;
				CLANG_WARN_NON_LITERAL_NULL_CONVERSION = YES;
				CLANG_WARN_OBJC_IMPLICIT_RETAIN_SELF = YES;
				CLANG_WARN_OBJC_LITERAL_CONVERSION = YES;
				CLANG_WARN_OBJC_ROOT_CLASS = YES_ERROR;
				CLANG_WARN_QUOTED_INCLUDE_IN_FRAMEWORK_HEADER = YES;
				CLANG_WARN_RANGE_LOOP_ANALYSIS = YES;
				CLANG_WARN_STRICT_PROTOTYPES = YES;
				CLANG_WARN_SUSPICIOUS_MOVE = YES;
				CLANG_WARN_UNGUARDED_AVAILABILITY = YES_AGGRESSIVE;
				CLANG_WARN_UNREACHABLE_CODE = YES;
				CLANG_WARN__DUPLICATE_METHOD_MATCH = YES;
				COPY_PHASE_STRIP = NO;
				DEBUG_INFORMATION_FORMAT = dwarf;
				ENABLE_STRICT_OBJC_MSGSEND = YES;
				ENABLE_TESTABILITY = YES;
				GCC_C_LANGUAGE_STANDARD = gnu11;
				GCC_DYNAMIC_NO_PIC = NO;
				GCC_NO_COMMON_BLOCKS = YES;
				GCC_OPTIMIZATION_LEVEL = 0;
				GCC_PREPROCESSOR_DEFINITIONS = (
					"DEBUG=1",
					"$(inherited)",
				);
				GCC_WARN_64_TO_32_BIT_CONVERSION = YES;
				GCC_WARN_ABOUT_RETURN_TYPE = YES_ERROR;
				GCC_WARN_UNDECLARED_SELECTOR = YES;
				GCC_WARN_UNINITIALIZED_AUTOS = YES_AGGRESSIVE;
				GCC_WARN_UNUSED_FUNCTION = YES;
				GCC_WARN_UNUSED_VARIABLE = YES;
				IPHONEOS_DEPLOYMENT_TARGET = 16.2;
				MTL_ENABLE_DEBUG_INFO = INCLUDE_SOURCE;
				MTL_FAST_MATH = YES;
				ONLY_ACTIVE_ARCH = YES;
				SDKROOT = iphoneos;
				SWIFT_ACTIVE_COMPILATION_CONDITIONS = DEBUG;
				SWIFT_OPTIMIZATION_LEVEL = "-Onone";
			};
			name = Debug;
		};
		CABFCE7F29948B3500DA15C2 /* Release */ = {
			isa = XCBuildConfiguration;
			buildSettings = {
				ALWAYS_SEARCH_USER_PATHS = NO;
				CLANG_ANALYZER_NONNULL = YES;
				CLANG_ANALYZER_NUMBER_OBJECT_CONVERSION = YES_AGGRESSIVE;
				CLANG_CXX_LANGUAGE_STANDARD = "gnu++20";
				CLANG_ENABLE_MODULES = YES;
				CLANG_ENABLE_OBJC_ARC = YES;
				CLANG_ENABLE_OBJC_WEAK = YES;
				CLANG_WARN_BLOCK_CAPTURE_AUTORELEASING = YES;
				CLANG_WARN_BOOL_CONVERSION = YES;
				CLANG_WARN_COMMA = YES;
				CLANG_WARN_CONSTANT_CONVERSION = YES;
				CLANG_WARN_DEPRECATED_OBJC_IMPLEMENTATIONS = YES;
				CLANG_WARN_DIRECT_OBJC_ISA_USAGE = YES_ERROR;
				CLANG_WARN_DOCUMENTATION_COMMENTS = YES;
				CLANG_WARN_EMPTY_BODY = YES;
				CLANG_WARN_ENUM_CONVERSION = YES;
				CLANG_WARN_INFINITE_RECURSION = YES;
				CLANG_WARN_INT_CONVERSION = YES;
				CLANG_WARN_NON_LITERAL_NULL_CONVERSION = YES;
				CLANG_WARN_OBJC_IMPLICIT_RETAIN_SELF = YES;
				CLANG_WARN_OBJC_LITERAL_CONVERSION = YES;
				CLANG_WARN_OBJC_ROOT_CLASS = YES_ERROR;
				CLANG_WARN_QUOTED_INCLUDE_IN_FRAMEWORK_HEADER = YES;
				CLANG_WARN_RANGE_LOOP_ANALYSIS = YES;
				CLANG_WARN_STRICT_PROTOTYPES = YES;
				CLANG_WARN_SUSPICIOUS_MOVE = YES;
				CLANG_WARN_UNGUARDED_AVAILABILITY = YES_AGGRESSIVE;
				CLANG_WARN_UNREACHABLE_CODE = YES;
				CLANG_WARN__DUPLICATE_METHOD_MATCH = YES;
				COPY_PHASE_STRIP = NO;
				DEBUG_INFORMATION_FORMAT = "dwarf-with-dsym";
				ENABLE_NS_ASSERTIONS = NO;
				ENABLE_STRICT_OBJC_MSGSEND = YES;
				GCC_C_LANGUAGE_STANDARD = gnu11;
				GCC_NO_COMMON_BLOCKS = YES;
				GCC_WARN_64_TO_32_BIT_CONVERSION = YES;
				GCC_WARN_ABOUT_RETURN_TYPE = YES_ERROR;
				GCC_WARN_UNDECLARED_SELECTOR = YES;
				GCC_WARN_UNINITIALIZED_AUTOS = YES_AGGRESSIVE;
				GCC_WARN_UNUSED_FUNCTION = YES;
				GCC_WARN_UNUSED_VARIABLE = YES;
				IPHONEOS_DEPLOYMENT_TARGET = 16.2;
				MTL_ENABLE_DEBUG_INFO = NO;
				MTL_FAST_MATH = YES;
				SDKROOT = iphoneos;
				SWIFT_COMPILATION_MODE = wholemodule;
				SWIFT_OPTIMIZATION_LEVEL = "-O";
				VALIDATE_PRODUCT = YES;
			};
			name = Release;
		};
		CABFCE8129948B3500DA15C2 /* Debug */ = {
			isa = XCBuildConfiguration;
			buildSettings = {
				ASSETCATALOG_COMPILER_APPICON_NAME = AppIcon;
				ASSETCATALOG_COMPILER_GLOBAL_ACCENT_COLOR_NAME = AccentColor;
				CODE_SIGN_STYLE = Automatic;
				CURRENT_PROJECT_VERSION = 1;
				DEVELOPMENT_ASSET_PATHS = "\"StandupsFirebase/Preview Content\"";
				ENABLE_PREVIEWS = YES;
				GENERATE_INFOPLIST_FILE = YES;
				INFOPLIST_KEY_UIApplicationSceneManifest_Generation = YES;
				INFOPLIST_KEY_UIApplicationSupportsIndirectInputEvents = YES;
				INFOPLIST_KEY_UILaunchScreen_Generation = YES;
				INFOPLIST_KEY_UISupportedInterfaceOrientations_iPad = "UIInterfaceOrientationPortrait UIInterfaceOrientationPortraitUpsideDown UIInterfaceOrientationLandscapeLeft UIInterfaceOrientationLandscapeRight";
				INFOPLIST_KEY_UISupportedInterfaceOrientations_iPhone = "UIInterfaceOrientationPortrait UIInterfaceOrientationLandscapeLeft UIInterfaceOrientationLandscapeRight";
				LD_RUNPATH_SEARCH_PATHS = (
					"$(inherited)",
					"@executable_path/Frameworks",
				);
				MARKETING_VERSION = 1.0;
				PRODUCT_BUNDLE_IDENTIFIER = co.pointfree.standups.firebase;
				PRODUCT_NAME = "$(TARGET_NAME)";
				SWIFT_EMIT_LOC_STRINGS = YES;
				SWIFT_VERSION = 5.0;
				TARGETED_DEVICE_FAMILY = "1,2";
			};
			name = Debug;
		};
		CABFCE8229948B3500DA15C2 /* Release */ = {
			isa = XCBuildConfiguration;
			buildSettings = {
				ASSETCATALOG_COMPILER_APPICON_NAME = AppIcon;
				ASSETCATALOG_COMPILER_GLOBAL_ACCENT_COLOR_NAME = AccentColor;
				CODE_SIGN_STYLE = Automatic;
				CURRENT_PROJECT_VERSION = 1;
				DEVELOPMENT_ASSET_PATHS = "\"StandupsFirebase/Preview Content\"";
				ENABLE_PREVIEWS = YES;
				GENERATE_INFOPLIST_FILE = YES;
				INFOPLIST_KEY_UIApplicationSceneManifest_Generation = YES;
				INFOPLIST_KEY_UIApplicationSupportsIndirectInputEvents = YES;
				INFOPLIST_KEY_UILaunchScreen_Generation = YES;
				INFOPLIST_KEY_UISupportedInterfaceOrientations_iPad = "UIInterfaceOrientationPortrait UIInterfaceOrientationPortraitUpsideDown UIInterfaceOrientationLandscapeLeft UIInterfaceOrientationLandscapeRight";
				INFOPLIST_KEY_UISupportedInterfaceOrientations_iPhone = "UIInterfaceOrientationPortrait UIInterfaceOrientationLandscapeLeft UIInterfaceOrientationLandscapeRight";
				LD_RUNPATH_SEARCH_PATHS = (
					"$(inherited)",
					"@executable_path/Frameworks",
				);
				MARKETING_VERSION = 1.0;
				PRODUCT_BUNDLE_IDENTIFIER = co.pointfree.standups.firebase;
				PRODUCT_NAME = "$(TARGET_NAME)";
				SWIFT_EMIT_LOC_STRINGS = YES;
				SWIFT_VERSION = 5.0;
				TARGETED_DEVICE_FAMILY = "1,2";
			};
			name = Release;
		};
		CABFCE8429948B3500DA15C2 /* Debug */ = {
			isa = XCBuildConfiguration;
			buildSettings = {
				ALWAYS_EMBED_SWIFT_STANDARD_LIBRARIES = YES;
				BUNDLE_LOADER = "$(TEST_HOST)";
				CODE_SIGN_STYLE = Automatic;
				CURRENT_PROJECT_VERSION = 1;
				GENERATE_INFOPLIST_FILE = YES;
				IPHONEOS_DEPLOYMENT_TARGET = 16.2;
				MARKETING_VERSION = 1.0;
				PRODUCT_BUNDLE_IDENTIFIER = co.pointfree.StandupsFirebaseTests;
				PRODUCT_NAME = "$(TARGET_NAME)";
				SWIFT_EMIT_LOC_STRINGS = NO;
				SWIFT_VERSION = 5.0;
				TARGETED_DEVICE_FAMILY = "1,2";
				TEST_HOST = "$(BUILT_PRODUCTS_DIR)/StandupsFirebase.app/$(BUNDLE_EXECUTABLE_FOLDER_PATH)/StandupsFirebase";
			};
			name = Debug;
		};
		CABFCE8529948B3500DA15C2 /* Release */ = {
			isa = XCBuildConfiguration;
			buildSettings = {
				ALWAYS_EMBED_SWIFT_STANDARD_LIBRARIES = YES;
				BUNDLE_LOADER = "$(TEST_HOST)";
				CODE_SIGN_STYLE = Automatic;
				CURRENT_PROJECT_VERSION = 1;
				GENERATE_INFOPLIST_FILE = YES;
				IPHONEOS_DEPLOYMENT_TARGET = 16.2;
				MARKETING_VERSION = 1.0;
				PRODUCT_BUNDLE_IDENTIFIER = co.pointfree.StandupsFirebaseTests;
				PRODUCT_NAME = "$(TARGET_NAME)";
				SWIFT_EMIT_LOC_STRINGS = NO;
				SWIFT_VERSION = 5.0;
				TARGETED_DEVICE_FAMILY = "1,2";
				TEST_HOST = "$(BUILT_PRODUCTS_DIR)/StandupsFirebase.app/$(BUNDLE_EXECUTABLE_FOLDER_PATH)/StandupsFirebase";
			};
			name = Release;
		};
		CABFCE8729948B3500DA15C2 /* Debug */ = {
			isa = XCBuildConfiguration;
			buildSettings = {
				ALWAYS_EMBED_SWIFT_STANDARD_LIBRARIES = YES;
				CODE_SIGN_STYLE = Automatic;
				CURRENT_PROJECT_VERSION = 1;
				GENERATE_INFOPLIST_FILE = YES;
				MARKETING_VERSION = 1.0;
				PRODUCT_BUNDLE_IDENTIFIER = co.pointfree.StandupsFirebaseUITests;
				PRODUCT_NAME = "$(TARGET_NAME)";
				SWIFT_EMIT_LOC_STRINGS = NO;
				SWIFT_VERSION = 5.0;
				TARGETED_DEVICE_FAMILY = "1,2";
				TEST_TARGET_NAME = StandupsFirebase;
			};
			name = Debug;
		};
		CABFCE8829948B3500DA15C2 /* Release */ = {
			isa = XCBuildConfiguration;
			buildSettings = {
				ALWAYS_EMBED_SWIFT_STANDARD_LIBRARIES = YES;
				CODE_SIGN_STYLE = Automatic;
				CURRENT_PROJECT_VERSION = 1;
				GENERATE_INFOPLIST_FILE = YES;
				MARKETING_VERSION = 1.0;
				PRODUCT_BUNDLE_IDENTIFIER = co.pointfree.StandupsFirebaseUITests;
				PRODUCT_NAME = "$(TARGET_NAME)";
				SWIFT_EMIT_LOC_STRINGS = NO;
				SWIFT_VERSION = 5.0;
				TARGETED_DEVICE_FAMILY = "1,2";
				TEST_TARGET_NAME = StandupsFirebase;
			};
			name = Release;
		};
/* End XCBuildConfiguration section */

/* Begin XCConfigurationList section */
		CABFCE5729948B3400DA15C2 /* Build configuration list for PBXProject "StandupsFirebase" */ = {
			isa = XCConfigurationList;
			buildConfigurations = (
				CABFCE7E29948B3500DA15C2 /* Debug */,
				CABFCE7F29948B3500DA15C2 /* Release */,
			);
			defaultConfigurationIsVisible = 0;
			defaultConfigurationName = Release;
		};
		CABFCE8029948B3500DA15C2 /* Build configuration list for PBXNativeTarget "StandupsFirebase" */ = {
			isa = XCConfigurationList;
			buildConfigurations = (
				CABFCE8129948B3500DA15C2 /* Debug */,
				CABFCE8229948B3500DA15C2 /* Release */,
			);
			defaultConfigurationIsVisible = 0;
			defaultConfigurationName = Release;
		};
		CABFCE8329948B3500DA15C2 /* Build configuration list for PBXNativeTarget "StandupsFirebaseTests" */ = {
			isa = XCConfigurationList;
			buildConfigurations = (
				CABFCE8429948B3500DA15C2 /* Debug */,
				CABFCE8529948B3500DA15C2 /* Release */,
			);
			defaultConfigurationIsVisible = 0;
			defaultConfigurationName = Release;
		};
		CABFCE8629948B3500DA15C2 /* Build configuration list for PBXNativeTarget "StandupsFirebaseUITests" */ = {
			isa = XCConfigurationList;
			buildConfigurations = (
				CABFCE8729948B3500DA15C2 /* Debug */,
				CABFCE8829948B3500DA15C2 /* Release */,
			);
			defaultConfigurationIsVisible = 0;
			defaultConfigurationName = Release;
		};
/* End XCConfigurationList section */

/* Begin XCRemoteSwiftPackageReference section */
		CABFCE8929948B9D00DA15C2 /* XCRemoteSwiftPackageReference "firebase-ios-sdk" */ = {
			isa = XCRemoteSwiftPackageReference;
			repositoryURL = "https://github.com/firebase/firebase-ios-sdk";
			requirement = {
				kind = upToNextMajorVersion;
				minimumVersion = 9.0.0;
			};
		};
/* End XCRemoteSwiftPackageReference section */

/* Begin XCSwiftPackageProductDependency section */
		CABFCE8A29948B9D00DA15C2 /* FirebaseAnalyticsWithoutAdIdSupport */ = {
			isa = XCSwiftPackageProductDependency;
			package = CABFCE8929948B9D00DA15C2 /* XCRemoteSwiftPackageReference "firebase-ios-sdk" */;
			productName = FirebaseAnalyticsWithoutAdIdSupport;
		};
		CABFCE8D29948BE700DA15C2 /* FirebaseDatabase */ = {
			isa = XCSwiftPackageProductDependency;
			package = CABFCE8929948B9D00DA15C2 /* XCRemoteSwiftPackageReference "firebase-ios-sdk" */;
			productName = FirebaseDatabase;
		};
		CABFCE8F29948BE700DA15C2 /* FirebaseDatabaseSwift */ = {
			isa = XCSwiftPackageProductDependency;
			package = CABFCE8929948B9D00DA15C2 /* XCRemoteSwiftPackageReference "firebase-ios-sdk" */;
			productName = FirebaseDatabaseSwift;
		};
		CABFCE9129948BFC00DA15C2 /* FirebaseAppCheck */ = {
			isa = XCSwiftPackageProductDependency;
			package = CABFCE8929948B9D00DA15C2 /* XCRemoteSwiftPackageReference "firebase-ios-sdk" */;
			productName = FirebaseAppCheck;
		};
		CABFCE9329948BFC00DA15C2 /* FirebaseAuth */ = {
			isa = XCSwiftPackageProductDependency;
			package = CABFCE8929948B9D00DA15C2 /* XCRemoteSwiftPackageReference "firebase-ios-sdk" */;
			productName = FirebaseAuth;
		};
		CABFCE9529948BFC00DA15C2 /* FirebaseCrashlytics */ = {
			isa = XCSwiftPackageProductDependency;
			package = CABFCE8929948B9D00DA15C2 /* XCRemoteSwiftPackageReference "firebase-ios-sdk" */;
			productName = FirebaseCrashlytics;
		};
		CABFCE9929948E9900DA15C2 /* FirebaseAnalytics */ = {
			isa = XCSwiftPackageProductDependency;
			package = CABFCE8929948B9D00DA15C2 /* XCRemoteSwiftPackageReference "firebase-ios-sdk" */;
			productName = FirebaseAnalytics;
		};
		CABFCE9B29948E9900DA15C2 /* FirebaseAnalyticsOnDeviceConversion */ = {
			isa = XCSwiftPackageProductDependency;
			package = CABFCE8929948B9D00DA15C2 /* XCRemoteSwiftPackageReference "firebase-ios-sdk" */;
			productName = FirebaseAnalyticsOnDeviceConversion;
		};
		CABFCE9D29948E9900DA15C2 /* FirebaseAnalyticsSwift */ = {
			isa = XCSwiftPackageProductDependency;
			package = CABFCE8929948B9D00DA15C2 /* XCRemoteSwiftPackageReference "firebase-ios-sdk" */;
			productName = FirebaseAnalyticsSwift;
		};
		CABFCE9F29948E9A00DA15C2 /* FirebaseAppDistribution-Beta */ = {
			isa = XCSwiftPackageProductDependency;
			package = CABFCE8929948B9D00DA15C2 /* XCRemoteSwiftPackageReference "firebase-ios-sdk" */;
			productName = "FirebaseAppDistribution-Beta";
		};
		CABFCEA129948E9A00DA15C2 /* FirebaseAuthCombine-Community */ = {
			isa = XCSwiftPackageProductDependency;
			package = CABFCE8929948B9D00DA15C2 /* XCRemoteSwiftPackageReference "firebase-ios-sdk" */;
			productName = "FirebaseAuthCombine-Community";
		};
		CABFCEA329948E9A00DA15C2 /* FirebaseDynamicLinks */ = {
			isa = XCSwiftPackageProductDependency;
			package = CABFCE8929948B9D00DA15C2 /* XCRemoteSwiftPackageReference "firebase-ios-sdk" */;
			productName = FirebaseDynamicLinks;
		};
		CABFCEA529948E9A00DA15C2 /* FirebaseFirestore */ = {
			isa = XCSwiftPackageProductDependency;
			package = CABFCE8929948B9D00DA15C2 /* XCRemoteSwiftPackageReference "firebase-ios-sdk" */;
			productName = FirebaseFirestore;
		};
		CABFCEA729948E9A00DA15C2 /* FirebaseFirestoreCombine-Community */ = {
			isa = XCSwiftPackageProductDependency;
			package = CABFCE8929948B9D00DA15C2 /* XCRemoteSwiftPackageReference "firebase-ios-sdk" */;
			productName = "FirebaseFirestoreCombine-Community";
		};
		CABFCEA929948E9A00DA15C2 /* FirebaseFirestoreSwift */ = {
			isa = XCSwiftPackageProductDependency;
			package = CABFCE8929948B9D00DA15C2 /* XCRemoteSwiftPackageReference "firebase-ios-sdk" */;
			productName = FirebaseFirestoreSwift;
		};
		CABFCEAB29948E9A00DA15C2 /* FirebaseFunctions */ = {
			isa = XCSwiftPackageProductDependency;
			package = CABFCE8929948B9D00DA15C2 /* XCRemoteSwiftPackageReference "firebase-ios-sdk" */;
			productName = FirebaseFunctions;
		};
		CABFCEAD29948E9A00DA15C2 /* FirebaseFunctionsCombine-Community */ = {
			isa = XCSwiftPackageProductDependency;
			package = CABFCE8929948B9D00DA15C2 /* XCRemoteSwiftPackageReference "firebase-ios-sdk" */;
			productName = "FirebaseFunctionsCombine-Community";
		};
		CABFCEAF29948E9A00DA15C2 /* FirebaseInAppMessaging-Beta */ = {
			isa = XCSwiftPackageProductDependency;
			package = CABFCE8929948B9D00DA15C2 /* XCRemoteSwiftPackageReference "firebase-ios-sdk" */;
			productName = "FirebaseInAppMessaging-Beta";
		};
		CABFCEB129948E9A00DA15C2 /* FirebaseInAppMessagingSwift-Beta */ = {
			isa = XCSwiftPackageProductDependency;
			package = CABFCE8929948B9D00DA15C2 /* XCRemoteSwiftPackageReference "firebase-ios-sdk" */;
			productName = "FirebaseInAppMessagingSwift-Beta";
		};
		CABFCEB329948E9A00DA15C2 /* FirebaseInstallations */ = {
			isa = XCSwiftPackageProductDependency;
			package = CABFCE8929948B9D00DA15C2 /* XCRemoteSwiftPackageReference "firebase-ios-sdk" */;
			productName = FirebaseInstallations;
		};
		CABFCEB529948E9A00DA15C2 /* FirebaseMessaging */ = {
			isa = XCSwiftPackageProductDependency;
			package = CABFCE8929948B9D00DA15C2 /* XCRemoteSwiftPackageReference "firebase-ios-sdk" */;
			productName = FirebaseMessaging;
		};
		CABFCEB729948E9A00DA15C2 /* FirebaseMLModelDownloader */ = {
			isa = XCSwiftPackageProductDependency;
			package = CABFCE8929948B9D00DA15C2 /* XCRemoteSwiftPackageReference "firebase-ios-sdk" */;
			productName = FirebaseMLModelDownloader;
		};
		CABFCEB929948E9A00DA15C2 /* FirebasePerformance */ = {
			isa = XCSwiftPackageProductDependency;
			package = CABFCE8929948B9D00DA15C2 /* XCRemoteSwiftPackageReference "firebase-ios-sdk" */;
			productName = FirebasePerformance;
		};
		CABFCEBB29948E9A00DA15C2 /* FirebaseRemoteConfig */ = {
			isa = XCSwiftPackageProductDependency;
			package = CABFCE8929948B9D00DA15C2 /* XCRemoteSwiftPackageReference "firebase-ios-sdk" */;
			productName = FirebaseRemoteConfig;
		};
		CABFCEBD29948E9A00DA15C2 /* FirebaseRemoteConfigSwift */ = {
			isa = XCSwiftPackageProductDependency;
			package = CABFCE8929948B9D00DA15C2 /* XCRemoteSwiftPackageReference "firebase-ios-sdk" */;
			productName = FirebaseRemoteConfigSwift;
		};
		CABFCEBF29948E9A00DA15C2 /* FirebaseStorage */ = {
			isa = XCSwiftPackageProductDependency;
			package = CABFCE8929948B9D00DA15C2 /* XCRemoteSwiftPackageReference "firebase-ios-sdk" */;
			productName = FirebaseStorage;
		};
		CABFCEC129948E9A00DA15C2 /* FirebaseStorageCombine-Community */ = {
			isa = XCSwiftPackageProductDependency;
			package = CABFCE8929948B9D00DA15C2 /* XCRemoteSwiftPackageReference "firebase-ios-sdk" */;
			productName = "FirebaseStorageCombine-Community";
		};
/* End XCSwiftPackageProductDependency section */
	};
	rootObject = CABFCE5429948B3400DA15C2 /* Project object */;
}
